
Microsoft Visual Studio Solution File, Format Version 11.00
# Visual Studio 2010
Project("{FAE04EC0-301F-11D3-BF4B-00C04F79EFBC}") = "NAO_PER", "NAO_PER\NAO_PER.csproj", "{9879CE31-9652-4969-B5C5-0557F8FA35A9}"
EndProject
Project("{8BC9CEB8-8B4A-11D0-8D11-00A0C91BC942}") = "SERVICES_UNMANAGED", "SERVICES_UNMANAGED\SERVICES_UNMANAGED.vcxproj", "{53B5D111-3B14-4A86-AA58-FC9A04286714}"
EndProject
Global
	GlobalSection(SolutionConfigurationPlatforms) = preSolution
		Debug|Mixed Platforms = Debug|Mixed Platforms
		Debug|Win32 = Debug|Win32
		Debug|x86 = Debug|x86
		Release|Mixed Platforms = Release|Mixed Platforms
		Release|Win32 = Release|Win32
		Release|x86 = Release|x86
	EndGlobalSection
	GlobalSection(ProjectConfigurationPlatforms) = postSolution
		{9879CE31-9652-4969-B5C5-0557F8FA35A9}.Debug|Mixed Platforms.ActiveCfg = Debug|x86
		{9879CE31-9652-4969-B5C5-0557F8FA35A9}.Debug|Mixed Platforms.Build.0 = Debug|x86
		{9879CE31-9652-4969-B5C5-0557F8FA35A9}.Debug|Win32.ActiveCfg = Debug|x86
		{9879CE31-9652-4969-B5C5-0557F8FA35A9}.Debug|x86.ActiveCfg = Debug|x86
		{9879CE31-9652-4969-B5C5-0557F8FA35A9}.Debug|x86.Build.0 = Debug|x86
		{9879CE31-9652-4969-B5C5-0557F8FA35A9}.Release|Mixed Platforms.ActiveCfg = Release|x86
		{9879CE31-9652-4969-B5C5-0557F8FA35A9}.Release|Mixed Platforms.Build.0 = Release|x86
		{9879CE31-9652-4969-B5C5-0557F8FA35A9}.Release|Win32.ActiveCfg = Release|x86
		{9879CE31-9652-4969-B5C5-0557F8FA35A9}.Release|x86.ActiveCfg = Release|x86
		{9879CE31-9652-4969-B5C5-0557F8FA35A9}.Release|x86.Build.0 = Release|x86
		{53B5D111-3B14-4A86-AA58-FC9A04286714}.Debug|Mixed Platforms.ActiveCfg = Debug|Win32
		{53B5D111-3B14-4A86-AA58-FC9A04286714}.Debug|Mixed Platforms.Build.0 = Debug|Win32
		{53B5D111-3B14-4A86-AA58-FC9A04286714}.Debug|Win32.ActiveCfg = Debug|Win32
		{53B5D111-3B14-4A86-AA58-FC9A04286714}.Debug|Win32.Build.0 = Debug|Win32
		{53B5D111-3B14-4A86-AA58-FC9A04286714}.Debug|x86.ActiveCfg = Debug|Win32
		{53B5D111-3B14-4A86-AA58-FC9A04286714}.Release|Mixed Platforms.ActiveCfg = Release|Win32
		{53B5D111-3B14-4A86-AA58-FC9A04286714}.Release|Mixed Platforms.Build.0 = Release|Win32
		{53B5D111-3B14-4A86-AA58-FC9A04286714}.Release|Win32.ActiveCfg = Release|Win32
		{53B5D111-3B14-4A86-AA58-FC9A04286714}.Release|Win32.Build.0 = Release|Win32
		{53B5D111-3B14-4A86-AA58-FC9A04286714}.Release|x86.ActiveCfg = Release|Win32
	EndGlobalSection
	GlobalSection(SolutionProperties) = preSolution
		HideSolutionNode = FALSE
	EndGlobalSection
EndGlobal
